
Microsoft Visual Studio Solution File, Format Version 12.00
# Visual Studio 14
VisualStudioVersion = 14.0.25420.1
MinimumVisualStudioVersion = 10.0.40219.1
Project("{2150E333-8FDC-42A3-9474-1A3956D46DE8}") = "src", "src", "{3E45029D-812F-43D1-89CD-1B3E6F2AB27E}"
EndProject
Project("{2150E333-8FDC-42A3-9474-1A3956D46DE8}") = "Solution Items", "Solution Items", "{827A3E7A-50DE-4E45-9A77-CE638931CD59}"
	ProjectSection(SolutionItems) = preProject
		global.json = global.json
	EndProjectSection
EndProject
Project("{8BB2217D-0F2D-49D1-97BC-3654ED321F3B}") = "Shibbolizer", "src\Shibbolizer\Shibbolizer.xproj", "{E892A020-544C-40E1-B0BE-B41D30358C95}"
EndProject
Project("{8BB2217D-0F2D-49D1-97BC-3654ED321F3B}") = "Shibbolizer.Test", "src\Shibbolizer.Tests\Shibbolizer.Test.xproj", "{C3023FCF-7860-48E1-ACD6-387E504F9F0C}"
EndProject
Project("{2150E333-8FDC-42A3-9474-1A3956D46DE8}") = "test", "test", "{CB8E5544-2019-464A-B376-66A9E63C9DAA}"
EndProject
Global
	GlobalSection(SolutionConfigurationPlatforms) = preSolution
		Debug|Any CPU = Debug|Any CPU
		Release|Any CPU = Release|Any CPU
	EndGlobalSection
	GlobalSection(ProjectConfigurationPlatforms) = postSolution
		{E892A020-544C-40E1-B0BE-B41D30358C95}.Debug|Any CPU.ActiveCfg = Debug|Any CPU
		{E892A020-544C-40E1-B0BE-B41D30358C95}.Debug|Any CPU.Build.0 = Debug|Any CPU
		{E892A020-544C-40E1-B0BE-B41D30358C95}.Release|Any CPU.ActiveCfg = Release|Any CPU
		{E892A020-544C-40E1-B0BE-B41D30358C95}.Release|Any CPU.Build.0 = Release|Any CPU
		{C3023FCF-7860-48E1-ACD6-387E504F9F0C}.Debug|Any CPU.ActiveCfg = Debug|Any CPU
		{C3023FCF-7860-48E1-ACD6-387E504F9F0C}.Debug|Any CPU.Build.0 = Debug|Any CPU
		{C3023FCF-7860-48E1-ACD6-387E504F9F0C}.Release|Any CPU.ActiveCfg = Release|Any CPU
		{C3023FCF-7860-48E1-ACD6-387E504F9F0C}.Release|Any CPU.Build.0 = Release|Any CPU
	EndGlobalSection
	GlobalSection(SolutionProperties) = preSolution
		HideSolutionNode = FALSE
	EndGlobalSection
	GlobalSection(NestedProjects) = preSolution
		{E892A020-544C-40E1-B0BE-B41D30358C95} = {3E45029D-812F-43D1-89CD-1B3E6F2AB27E}
		{C3023FCF-7860-48E1-ACD6-387E504F9F0C} = {CB8E5544-2019-464A-B376-66A9E63C9DAA}
	EndGlobalSection
EndGlobal
